
Microsoft Visual Studio Solution File, Format Version 12.00
# Visual Studio Version 16
VisualStudioVersion = 16.0.32106.194
MinimumVisualStudioVersion = 10.0.40219.1
Project("{FAE04EC0-301F-11D3-BF4B-00C04F79EFBC}") = "odev1", "odev1\odev1.csproj", "{119B4032-7AF8-4FC3-9720-8E77A6F852AD}"
EndProject
Global
	GlobalSection(SolutionConfigurationPlatforms) = preSolution
		Debug|Any CPU = Debug|Any CPU
		Release|Any CPU = Release|Any CPU
	EndGlobalSection
	GlobalSection(ProjectConfigurationPlatforms) = postSolution
		{119B4032-7AF8-4FC3-9720-8E77A6F852AD}.Debug|Any CPU.ActiveCfg = Debug|Any CPU
		{119B4032-7AF8-4FC3-9720-8E77A6F852AD}.Debug|Any CPU.Build.0 = Debug|Any CPU
		{119B4032-7AF8-4FC3-9720-8E77A6F852AD}.Release|Any CPU.ActiveCfg = Release|Any CPU
		{119B4032-7AF8-4FC3-9720-8E77A6F852AD}.Release|Any CPU.Build.0 = Release|Any CPU
	EndGlobalSection
	GlobalSection(SolutionProperties) = preSolution
		HideSolutionNode = FALSE
	EndGlobalSection
	GlobalSection(ExtensibilityGlobals) = postSolution
		SolutionGuid = {E6FDD8D5-D56E-4E70-B81F-EC17BD290774}
	EndGlobalSection
EndGlobal
